// !$*UTF8*$!
{
	archiveVersion = 1;
	classes = {
	};
	objectVersion = 56;
	objects = {

/* Begin PBXBuildFile section */
		390710DF2C12D0730003CBF5 /* Subclass.m in Sources */ = {isa = PBXBuildFile; fileRef = 390710DE2C12D0730003CBF5 /* Subclass.m */; };
		39599C3B2C117916000311EA /* printLs.m in Sources */ = {isa = PBXBuildFile; fileRef = 39599C3A2C117916000311EA /* printLs.m */; };
		F61550942C132DDF0006C5A2 /* AbstractClass.m in Sources */ = {isa = PBXBuildFile; fileRef = F61550932C132DDF0006C5A2 /* AbstractClass.m */; };
		F61550972C13308A0006C5A2 /* DirectClass.m in Sources */ = {isa = PBXBuildFile; fileRef = F61550962C13308A0006C5A2 /* DirectClass.m */; };
		F61550992C1332B30006C5A2 /* SelectorClass.m in Sources */ = {isa = PBXBuildFile; fileRef = F61550982C1332B30006C5A2 /* SelectorClass.m */; };
		F615509E2C133B160006C5A2 /* MyDatabase.m in Sources */ = {isa = PBXBuildFile; fileRef = F615509D2C133B160006C5A2 /* MyDatabase.m */; };
		F61550A12C133D100006C5A2 /* MyPerson.m in Sources */ = {isa = PBXBuildFile; fileRef = F61550A02C133D100006C5A2 /* MyPerson.m */; };
		F61550A72C1359FC0006C5A2 /* Printer.m in Sources */ = {isa = PBXBuildFile; fileRef = F61550A62C1359FC0006C5A2 /* Printer.m */; };
		F61550AB2C13EFFC0006C5A2 /* EnumExample.m in Sources */ = {isa = PBXBuildFile; fileRef = F61550AA2C13EFFC0006C5A2 /* EnumExample.m */; };
		F61550AF2C14672A0006C5A2 /* SamepleClass.m in Sources */ = {isa = PBXBuildFile; fileRef = F61550AE2C14672A0006C5A2 /* SamepleClass.m */; };
		F61550B32C1473790006C5A2 /* Exception.m in Sources */ = {isa = PBXBuildFile; fileRef = F61550B22C1473790006C5A2 /* Exception.m */; };
		F61550B62C1498D90006C5A2 /* NsvalueClass.m in Sources */ = {isa = PBXBuildFile; fileRef = F61550B52C1498D90006C5A2 /* NsvalueClass.m */; };
		F61550BB2C14A2D10006C5A2 /* BlockClass.m in Sources */ = {isa = PBXBuildFile; fileRef = F61550BA2C14A2D10006C5A2 /* BlockClass.m */; };
		F627781F2C10CD4200A07056 /* main.m in Sources */ = {isa = PBXBuildFile; fileRef = F627781E2C10CD4200A07056 /* main.m */; };
		F673E5482C122244004FA015 /* Fraction.m in Sources */ = {isa = PBXBuildFile; fileRef = F673E5472C122244004FA015 /* Fraction.m */; };
		F6912E272C122BA8001FED80 /* printOc.m in Sources */ = {isa = PBXBuildFile; fileRef = F6912E262C122BA8001FED80 /* printOc.m */; };
		F6912E2B2C122EA4001FED80 /* Fraction+Extra.m in Sources */ = {isa = PBXBuildFile; fileRef = F6912E2A2C122EA4001FED80 /* Fraction+Extra.m */; };
		F6F142E12C120B82008DD576 /* controller.m in Sources */ = {isa = PBXBuildFile; fileRef = F6F142E02C120B82008DD576 /* controller.m */; };
		F6F142E32C121162008DD576 /* operation.m in Sources */ = {isa = PBXBuildFile; fileRef = F6F142E22C121162008DD576 /* operation.m */; };
/* End PBXBuildFile section */

/* Begin PBXCopyFilesBuildPhase section */
		F62778192C10CD4200A07056 /* CopyFiles */ = {
			isa = PBXCopyFilesBuildPhase;
			buildActionMask = 2147483647;
			dstPath = /usr/share/man/man1/;
			dstSubfolderSpec = 0;
			files = (
			);
			runOnlyForDeploymentPostprocessing = 1;
		};
/* End PBXCopyFilesBuildPhase section */

/* Begin PBXFileReference section */
		390710DD2C12D0630003CBF5 /* Subclass.h */ = {isa = PBXFileReference; lastKnownFileType = sourcecode.c.h; path = Subclass.h; sourceTree = "<group>"; };
		390710DE2C12D0730003CBF5 /* Subclass.m */ = {isa = PBXFileReference; lastKnownFileType = sourcecode.c.objc; path = Subclass.m; sourceTree = "<group>"; };
		39599C3A2C117916000311EA /* printLs.m */ = {isa = PBXFileReference; lastKnownFileType = sourcecode.c.objc; path = printLs.m; sourceTree = "<group>"; };
		39599C3C2C117AC6000311EA /* printLs.h */ = {isa = PBXFileReference; lastKnownFileType = sourcecode.c.h; path = printLs.h; sourceTree = "<group>"; };
		F61550922C132D110006C5A2 /* AbstractClass.h */ = {isa = PBXFileReference; lastKnownFileType = sourcecode.c.h; path = AbstractClass.h; sourceTree = "<group>"; };
		F61550932C132DDF0006C5A2 /* AbstractClass.m */ = {isa = PBXFileReference; lastKnownFileType = sourcecode.c.objc; path = AbstractClass.m; sourceTree = "<group>"; };
		F61550952C13307E0006C5A2 /* DirectClass.h */ = {isa = PBXFileReference; lastKnownFileType = sourcecode.c.h; path = DirectClass.h; sourceTree = "<group>"; };
		F61550962C13308A0006C5A2 /* DirectClass.m */ = {isa = PBXFileReference; lastKnownFileType = sourcecode.c.objc; path = DirectClass.m; sourceTree = "<group>"; };
		F61550982C1332B30006C5A2 /* SelectorClass.m */ = {isa = PBXFileReference; lastKnownFileType = sourcecode.c.objc; path = SelectorClass.m; sourceTree = "<group>"; };
		F615509A2C1334970006C5A2 /* SelectorClass.h */ = {isa = PBXFileReference; lastKnownFileType = sourcecode.c.h; path = SelectorClass.h; sourceTree = "<group>"; };
		F615509C2C133B0A0006C5A2 /* MyDatabase.h */ = {isa = PBXFileReference; lastKnownFileType = sourcecode.c.h; path = MyDatabase.h; sourceTree = "<group>"; };
		F615509D2C133B160006C5A2 /* MyDatabase.m */ = {isa = PBXFileReference; lastKnownFileType = sourcecode.c.objc; path = MyDatabase.m; sourceTree = "<group>"; };
		F615509F2C133D070006C5A2 /* MyPerson.h */ = {isa = PBXFileReference; lastKnownFileType = sourcecode.c.h; path = MyPerson.h; sourceTree = "<group>"; };
		F61550A02C133D100006C5A2 /* MyPerson.m */ = {isa = PBXFileReference; lastKnownFileType = sourcecode.c.objc; path = MyPerson.m; sourceTree = "<group>"; };
		F61550A22C1351710006C5A2 /* macro.h */ = {isa = PBXFileReference; lastKnownFileType = sourcecode.c.h; path = macro.h; sourceTree = "<group>"; };
		F61550A32C13562C0006C5A2 /* PrefixHeader.pch */ = {isa = PBXFileReference; lastKnownFileType = sourcecode.c.h; path = PrefixHeader.pch; sourceTree = "<group>"; };
		F61550A52C1359F20006C5A2 /* Printer.h */ = {isa = PBXFileReference; lastKnownFileType = sourcecode.c.h; path = Printer.h; sourceTree = "<group>"; };
		F61550A62C1359FC0006C5A2 /* Printer.m */ = {isa = PBXFileReference; lastKnownFileType = sourcecode.c.objc; path = Printer.m; sourceTree = "<group>"; };
		F61550A92C13EFE70006C5A2 /* EnumExample.h */ = {isa = PBXFileReference; lastKnownFileType = sourcecode.c.h; path = EnumExample.h; sourceTree = "<group>"; };
		F61550AA2C13EFFC0006C5A2 /* EnumExample.m */ = {isa = PBXFileReference; lastKnownFileType = sourcecode.c.objc; path = EnumExample.m; sourceTree = "<group>"; };
		F61550AD2C14671D0006C5A2 /* SampleClass.h */ = {isa = PBXFileReference; lastKnownFileType = sourcecode.c.h; path = SampleClass.h; sourceTree = "<group>"; };
		F61550AE2C14672A0006C5A2 /* SamepleClass.m */ = {isa = PBXFileReference; lastKnownFileType = sourcecode.c.objc; path = SamepleClass.m; sourceTree = "<group>"; };
		F61550B12C14736E0006C5A2 /* Exception.h */ = {isa = PBXFileReference; lastKnownFileType = sourcecode.c.h; path = Exception.h; sourceTree = "<group>"; };
		F61550B22C1473790006C5A2 /* Exception.m */ = {isa = PBXFileReference; lastKnownFileType = sourcecode.c.objc; path = Exception.m; sourceTree = "<group>"; };
		F61550B52C1498D90006C5A2 /* NsvalueClass.m */ = {isa = PBXFileReference; lastKnownFileType = sourcecode.c.objc; path = NsvalueClass.m; sourceTree = "<group>"; };
		F61550B72C1498E70006C5A2 /* NsvalueClass.h */ = {isa = PBXFileReference; lastKnownFileType = sourcecode.c.h; path = NsvalueClass.h; sourceTree = "<group>"; };
		F61550B92C14A2C30006C5A2 /* BlockClass.h */ = {isa = PBXFileReference; lastKnownFileType = sourcecode.c.h; path = BlockClass.h; sourceTree = "<group>"; };
		F61550BA2C14A2D10006C5A2 /* BlockClass.m */ = {isa = PBXFileReference; lastKnownFileType = sourcecode.c.objc; path = BlockClass.m; sourceTree = "<group>"; };
		F627781B2C10CD4200A07056 /* OC-basic */ = {isa = PBXFileReference; explicitFileType = "compiled.mach-o.executable"; includeInIndex = 0; path = "OC-basic"; sourceTree = BUILT_PRODUCTS_DIR; };
		F627781E2C10CD4200A07056 /* main.m */ = {isa = PBXFileReference; lastKnownFileType = sourcecode.c.objc; path = main.m; sourceTree = "<group>"; };
		F673E5462C122239004FA015 /* Fraction.h */ = {isa = PBXFileReference; lastKnownFileType = sourcecode.c.h; path = Fraction.h; sourceTree = "<group>"; };
		F673E5472C122244004FA015 /* Fraction.m */ = {isa = PBXFileReference; lastKnownFileType = sourcecode.c.objc; path = Fraction.m; sourceTree = "<group>"; };
		F6912E262C122BA8001FED80 /* printOc.m */ = {isa = PBXFileReference; lastKnownFileType = sourcecode.c.objc; path = printOc.m; sourceTree = "<group>"; };
		F6912E282C122BCA001FED80 /* printOc.h */ = {isa = PBXFileReference; lastKnownFileType = sourcecode.c.h; path = printOc.h; sourceTree = "<group>"; };
		F6912E292C122E96001FED80 /* Fraction+Extra.h */ = {isa = PBXFileReference; lastKnownFileType = sourcecode.c.h; path = "Fraction+Extra.h"; sourceTree = "<group>"; };
		F6912E2A2C122EA4001FED80 /* Fraction+Extra.m */ = {isa = PBXFileReference; lastKnownFileType = sourcecode.c.objc; path = "Fraction+Extra.m"; sourceTree = "<group>"; };
		F6F142DF2C120B74008DD576 /* controller.h */ = {isa = PBXFileReference; lastKnownFileType = sourcecode.c.h; path = controller.h; sourceTree = "<group>"; };
		F6F142E02C120B82008DD576 /* controller.m */ = {isa = PBXFileReference; lastKnownFileType = sourcecode.c.objc; path = controller.m; sourceTree = "<group>"; };
		F6F142E22C121162008DD576 /* operation.m */ = {isa = PBXFileReference; lastKnownFileType = sourcecode.c.objc; path = operation.m; sourceTree = "<group>"; };
		F6F142E42C12116E008DD576 /* operation.h */ = {isa = PBXFileReference; lastKnownFileType = sourcecode.c.h; path = operation.h; sourceTree = "<group>"; };
/* End PBXFileReference section */

/* Begin PBXFrameworksBuildPhase section */
		F62778182C10CD4200A07056 /* Frameworks */ = {
			isa = PBXFrameworksBuildPhase;
			buildActionMask = 2147483647;
			files = (
			);
			runOnlyForDeploymentPostprocessing = 0;
		};
/* End PBXFrameworksBuildPhase section */

/* Begin PBXGroup section */
		F615509B2C133AF70006C5A2 /* DataArg */ = {
			isa = PBXGroup;
			children = (
				F615509C2C133B0A0006C5A2 /* MyDatabase.h */,
				F615509D2C133B160006C5A2 /* MyDatabase.m */,
				F615509F2C133D070006C5A2 /* MyPerson.h */,
				F61550A02C133D100006C5A2 /* MyPerson.m */,
			);
			path = DataArg;
			sourceTree = "<group>";
		};
		F61550A42C1359DB0006C5A2 /* variable */ = {
			isa = PBXGroup;
			children = (
				F61550A52C1359F20006C5A2 /* Printer.h */,
				F61550A62C1359FC0006C5A2 /* Printer.m */,
				F61550A92C13EFE70006C5A2 /* EnumExample.h */,
				F61550AA2C13EFFC0006C5A2 /* EnumExample.m */,
			);
			path = variable;
			sourceTree = "<group>";
		};
		F61550A82C135A540006C5A2 /* class_bisic */ = {
			isa = PBXGroup;
			children = (
				F673E5462C122239004FA015 /* Fraction.h */,
				F673E5472C122244004FA015 /* Fraction.m */,
				F6912E292C122E96001FED80 /* Fraction+Extra.h */,
				F6912E2A2C122EA4001FED80 /* Fraction+Extra.m */,
				390710DD2C12D0630003CBF5 /* Subclass.h */,
				390710DE2C12D0730003CBF5 /* Subclass.m */,
				F61550922C132D110006C5A2 /* AbstractClass.h */,
				F61550932C132DDF0006C5A2 /* AbstractClass.m */,
				F61550952C13307E0006C5A2 /* DirectClass.h */,
				F61550962C13308A0006C5A2 /* DirectClass.m */,
				F61550982C1332B30006C5A2 /* SelectorClass.m */,
				F615509A2C1334970006C5A2 /* SelectorClass.h */,
			);
			path = class_bisic;
			sourceTree = "<group>";
		};
		F61550AC2C1467070006C5A2 /* protocol */ = {
			isa = PBXGroup;
			children = (
				F61550AD2C14671D0006C5A2 /* SampleClass.h */,
				F61550AE2C14672A0006C5A2 /* SamepleClass.m */,
			);
			path = protocol;
			sourceTree = "<group>";
		};
		F61550B02C1473500006C5A2 /* exception */ = {
			isa = PBXGroup;
			children = (
				F61550B12C14736E0006C5A2 /* Exception.h */,
				F61550B22C1473790006C5A2 /* Exception.m */,
			);
			path = exception;
			sourceTree = "<group>";
		};
		F61550B42C14989C0006C5A2 /* nsvalue */ = {
			isa = PBXGroup;
			children = (
				F61550B52C1498D90006C5A2 /* NsvalueClass.m */,
				F61550B72C1498E70006C5A2 /* NsvalueClass.h */,
			);
			path = nsvalue;
			sourceTree = "<group>";
		};
		F61550B82C14A2A50006C5A2 /* block */ = {
			isa = PBXGroup;
			children = (
				F61550B92C14A2C30006C5A2 /* BlockClass.h */,
				F61550BA2C14A2D10006C5A2 /* BlockClass.m */,
			);
			path = block;
			sourceTree = "<group>";
		};
		F62778122C10CD4200A07056 = {
			isa = PBXGroup;
			children = (
				F627781D2C10CD4200A07056 /* OC-basic */,
				F627781C2C10CD4200A07056 /* Products */,
			);
			sourceTree = "<group>";
		};
		F627781C2C10CD4200A07056 /* Products */ = {
			isa = PBXGroup;
			children = (
				F627781B2C10CD4200A07056 /* OC-basic */,
			);
			name = Products;
			sourceTree = "<group>";
		};
		F627781D2C10CD4200A07056 /* OC-basic */ = {
			isa = PBXGroup;
			children = (
				F61550B82C14A2A50006C5A2 /* block */,
				F61550B42C14989C0006C5A2 /* nsvalue */,
				F61550B02C1473500006C5A2 /* exception */,
				F6912E252C122B8B001FED80 /* base */,
				F6912E242C122B79001FED80 /* oc_class */,
				F627781E2C10CD4200A07056 /* main.m */,
				F61550A32C13562C0006C5A2 /* PrefixHeader.pch */,
			);
			path = "OC-basic";
			sourceTree = "<group>";
		};
		F6912E242C122B79001FED80 /* oc_class */ = {
			isa = PBXGroup;
			children = (
				F61550AC2C1467070006C5A2 /* protocol */,
				F61550A82C135A540006C5A2 /* class_bisic */,
				F61550A42C1359DB0006C5A2 /* variable */,
				F615509B2C133AF70006C5A2 /* DataArg */,
				F6912E262C122BA8001FED80 /* printOc.m */,
				F6912E282C122BCA001FED80 /* printOc.h */,
				F61550A22C1351710006C5A2 /* macro.h */,
			);
			path = oc_class;
			sourceTree = "<group>";
		};
		F6912E252C122B8B001FED80 /* base */ = {
			isa = PBXGroup;
			children = (
				39599C3A2C117916000311EA /* printLs.m */,
				39599C3C2C117AC6000311EA /* printLs.h */,
				F6F142DF2C120B74008DD576 /* controller.h */,
				F6F142E02C120B82008DD576 /* controller.m */,
				F6F142E22C121162008DD576 /* operation.m */,
				F6F142E42C12116E008DD576 /* operation.h */,
			);
			path = base;
			sourceTree = "<group>";
		};
/* End PBXGroup section */

/* Begin PBXNativeTarget section */
		F627781A2C10CD4200A07056 /* OC-basic */ = {
			isa = PBXNativeTarget;
			buildConfigurationList = F62778222C10CD4200A07056 /* Build configuration list for PBXNativeTarget "OC-basic" */;
			buildPhases = (
				F62778172C10CD4200A07056 /* Sources */,
				F62778182C10CD4200A07056 /* Frameworks */,
				F62778192C10CD4200A07056 /* CopyFiles */,
			);
			buildRules = (
			);
			dependencies = (
			);
			name = "OC-basic";
			productName = "OC-basic";
			productReference = F627781B2C10CD4200A07056 /* OC-basic */;
			productType = "com.apple.product-type.tool";
		};
/* End PBXNativeTarget section */

/* Begin PBXProject section */
		F62778132C10CD4200A07056 /* Project object */ = {
			isa = PBXProject;
			attributes = {
				BuildIndependentTargetsInParallel = 1;
				LastUpgradeCheck = 1510;
				TargetAttributes = {
					F627781A2C10CD4200A07056 = {
						CreatedOnToolsVersion = 15.1;
					};
				};
			};
			buildConfigurationList = F62778162C10CD4200A07056 /* Build configuration list for PBXProject "OC-basic" */;
			compatibilityVersion = "Xcode 14.0";
			developmentRegion = en;
			hasScannedForEncodings = 0;
			knownRegions = (
				en,
				Base,
			);
			mainGroup = F62778122C10CD4200A07056;
			productRefGroup = F627781C2C10CD4200A07056 /* Products */;
			projectDirPath = "";
			projectRoot = "";
			targets = (
				F627781A2C10CD4200A07056 /* OC-basic */,
			);
		};
/* End PBXProject section */

/* Begin PBXSourcesBuildPhase section */
		F62778172C10CD4200A07056 /* Sources */ = {
			isa = PBXSourcesBuildPhase;
			buildActionMask = 2147483647;
			files = (
				F61550BB2C14A2D10006C5A2 /* BlockClass.m in Sources */,
				F6F142E12C120B82008DD576 /* controller.m in Sources */,
				F61550A12C133D100006C5A2 /* MyPerson.m in Sources */,
				F61550B32C1473790006C5A2 /* Exception.m in Sources */,
				39599C3B2C117916000311EA /* printLs.m in Sources */,
				F615509E2C133B160006C5A2 /* MyDatabase.m in Sources */,
				F61550B62C1498D90006C5A2 /* NsvalueClass.m in Sources */,
				F627781F2C10CD4200A07056 /* main.m in Sources */,
				F61550972C13308A0006C5A2 /* DirectClass.m in Sources */,
				F61550AF2C14672A0006C5A2 /* SamepleClass.m in Sources */,
				F61550942C132DDF0006C5A2 /* AbstractClass.m in Sources */,
				F6F142E32C121162008DD576 /* operation.m in Sources */,
				F6912E2B2C122EA4001FED80 /* Fraction+Extra.m in Sources */,
				390710DF2C12D0730003CBF5 /* Subclass.m in Sources */,
				F673E5482C122244004FA015 /* Fraction.m in Sources */,
				F6912E272C122BA8001FED80 /* printOc.m in Sources */,
				F61550AB2C13EFFC0006C5A2 /* EnumExample.m in Sources */,
				F61550A72C1359FC0006C5A2 /* Printer.m in Sources */,
				F61550992C1332B30006C5A2 /* SelectorClass.m in Sources */,
			);
			runOnlyForDeploymentPostprocessing = 0;
		};
/* End PBXSourcesBuildPhase section */

/* Begin XCBuildConfiguration section */
		F62778202C10CD4200A07056 /* Debug */ = {
			isa = XCBuildConfiguration;
			buildSettings = {
				ALWAYS_SEARCH_USER_PATHS = NO;
				ASSETCATALOG_COMPILER_GENERATE_SWIFT_ASSET_SYMBOL_EXTENSIONS = YES;
				CLANG_ANALYZER_NONNULL = YES;
				CLANG_ANALYZER_NUMBER_OBJECT_CONVERSION = YES_AGGRESSIVE;
				CLANG_CXX_LANGUAGE_STANDARD = "gnu++20";
				CLANG_ENABLE_MODULES = YES;
				CLANG_ENABLE_OBJC_ARC = YES;
				CLANG_ENABLE_OBJC_WEAK = YES;
				CLANG_WARN_BLOCK_CAPTURE_AUTORELEASING = YES;
				CLANG_WARN_BOOL_CONVERSION = YES;
				CLANG_WARN_COMMA = YES;
				CLANG_WARN_CONSTANT_CONVERSION = YES;
				CLANG_WARN_DEPRECATED_OBJC_IMPLEMENTATIONS = YES;
				CLANG_WARN_DIRECT_OBJC_ISA_USAGE = YES_ERROR;
				CLANG_WARN_DOCUMENTATION_COMMENTS = YES;
				CLANG_WARN_EMPTY_BODY = YES;
				CLANG_WARN_ENUM_CONVERSION = YES;
				CLANG_WARN_INFINITE_RECURSION = YES;
				CLANG_WARN_INT_CONVERSION = YES;
				CLANG_WARN_NON_LITERAL_NULL_CONVERSION = YES;
				CLANG_WARN_OBJC_IMPLICIT_RETAIN_SELF = YES;
				CLANG_WARN_OBJC_LITERAL_CONVERSION = YES;
				CLANG_WARN_OBJC_ROOT_CLASS = YES_ERROR;
				CLANG_WARN_QUOTED_INCLUDE_IN_FRAMEWORK_HEADER = YES;
				CLANG_WARN_RANGE_LOOP_ANALYSIS = YES;
				CLANG_WARN_STRICT_PROTOTYPES = YES;
				CLANG_WARN_SUSPICIOUS_MOVE = YES;
				CLANG_WARN_UNGUARDED_AVAILABILITY = YES_AGGRESSIVE;
				CLANG_WARN_UNREACHABLE_CODE = YES;
				CLANG_WARN__DUPLICATE_METHOD_MATCH = YES;
				COPY_PHASE_STRIP = NO;
				DEBUG_INFORMATION_FORMAT = dwarf;
				ENABLE_STRICT_OBJC_MSGSEND = YES;
				ENABLE_TESTABILITY = YES;
				ENABLE_USER_SCRIPT_SANDBOXING = YES;
				GCC_C_LANGUAGE_STANDARD = gnu17;
				GCC_DYNAMIC_NO_PIC = NO;
				GCC_NO_COMMON_BLOCKS = YES;
				GCC_OPTIMIZATION_LEVEL = 0;
				GCC_PREPROCESSOR_DEFINITIONS = (
					"DEBUG=1",
					"$(inherited)",
				);
				GCC_WARN_64_TO_32_BIT_CONVERSION = YES;
				GCC_WARN_ABOUT_RETURN_TYPE = YES_ERROR;
				GCC_WARN_UNDECLARED_SELECTOR = YES;
				GCC_WARN_UNINITIALIZED_AUTOS = YES_AGGRESSIVE;
				GCC_WARN_UNUSED_FUNCTION = YES;
				GCC_WARN_UNUSED_VARIABLE = YES;
				LOCALIZATION_PREFERS_STRING_CATALOGS = YES;
				MACOSX_DEPLOYMENT_TARGET = 14.2;
				MTL_ENABLE_DEBUG_INFO = INCLUDE_SOURCE;
				MTL_FAST_MATH = YES;
				ONLY_ACTIVE_ARCH = YES;
				SDKROOT = macosx;
			};
			name = Debug;
		};
		F62778212C10CD4200A07056 /* Release */ = {
			isa = XCBuildConfiguration;
			buildSettings = {
				ALWAYS_SEARCH_USER_PATHS = NO;
				ASSETCATALOG_COMPILER_GENERATE_SWIFT_ASSET_SYMBOL_EXTENSIONS = YES;
				CLANG_ANALYZER_NONNULL = YES;
				CLANG_ANALYZER_NUMBER_OBJECT_CONVERSION = YES_AGGRESSIVE;
				CLANG_CXX_LANGUAGE_STANDARD = "gnu++20";
				CLANG_ENABLE_MODULES = YES;
				CLANG_ENABLE_OBJC_ARC = YES;
				CLANG_ENABLE_OBJC_WEAK = YES;
				CLANG_WARN_BLOCK_CAPTURE_AUTORELEASING = YES;
				CLANG_WARN_BOOL_CONVERSION = YES;
				CLANG_WARN_COMMA = YES;
				CLANG_WARN_CONSTANT_CONVERSION = YES;
				CLANG_WARN_DEPRECATED_OBJC_IMPLEMENTATIONS = YES;
				CLANG_WARN_DIRECT_OBJC_ISA_USAGE = YES_ERROR;
				CLANG_WARN_DOCUMENTATION_COMMENTS = YES;
				CLANG_WARN_EMPTY_BODY = YES;
				CLANG_WARN_ENUM_CONVERSION = YES;
				CLANG_WARN_INFINITE_RECURSION = YES;
				CLANG_WARN_INT_CONVERSION = YES;
				CLANG_WARN_NON_LITERAL_NULL_CONVERSION = YES;
				CLANG_WARN_OBJC_IMPLICIT_RETAIN_SELF = YES;
				CLANG_WARN_OBJC_LITERAL_CONVERSION = YES;
				CLANG_WARN_OBJC_ROOT_CLASS = YES_ERROR;
				CLANG_WARN_QUOTED_INCLUDE_IN_FRAMEWORK_HEADER = YES;
				CLANG_WARN_RANGE_LOOP_ANALYSIS = YES;
				CLANG_WARN_STRICT_PROTOTYPES = YES;
				CLANG_WARN_SUSPICIOUS_MOVE = YES;
				CLANG_WARN_UNGUARDED_AVAILABILITY = YES_AGGRESSIVE;
				CLANG_WARN_UNREACHABLE_CODE = YES;
				CLANG_WARN__DUPLICATE_METHOD_MATCH = YES;
				COPY_PHASE_STRIP = NO;
				DEBUG_INFORMATION_FORMAT = "dwarf-with-dsym";
				ENABLE_NS_ASSERTIONS = NO;
				ENABLE_STRICT_OBJC_MSGSEND = YES;
				ENABLE_USER_SCRIPT_SANDBOXING = YES;
				GCC_C_LANGUAGE_STANDARD = gnu17;
				GCC_NO_COMMON_BLOCKS = YES;
				GCC_WARN_64_TO_32_BIT_CONVERSION = YES;
				GCC_WARN_ABOUT_RETURN_TYPE = YES_ERROR;
				GCC_WARN_UNDECLARED_SELECTOR = YES;
				GCC_WARN_UNINITIALIZED_AUTOS = YES_AGGRESSIVE;
				GCC_WARN_UNUSED_FUNCTION = YES;
				GCC_WARN_UNUSED_VARIABLE = YES;
				LOCALIZATION_PREFERS_STRING_CATALOGS = YES;
				MACOSX_DEPLOYMENT_TARGET = 14.2;
				MTL_ENABLE_DEBUG_INFO = NO;
				MTL_FAST_MATH = YES;
				SDKROOT = macosx;
			};
			name = Release;
		};
		F62778232C10CD4200A07056 /* Debug */ = {
			isa = XCBuildConfiguration;
			buildSettings = {
				CODE_SIGN_STYLE = Automatic;
				DEVELOPMENT_TEAM = 84F8R9TAQN;
				ENABLE_HARDENED_RUNTIME = YES;
				GCC_PRECOMPILE_PREFIX_HEADER = YES;
				GCC_PREFIX_HEADER = "$(SRCROOT)/OC-basic/PrefixHeader.pch";
				PRODUCT_NAME = "$(TARGET_NAME)";
			};
			name = Debug;
		};
		F62778242C10CD4200A07056 /* Release */ = {
			isa = XCBuildConfiguration;
			buildSettings = {
				CODE_SIGN_STYLE = Automatic;
				DEVELOPMENT_TEAM = 84F8R9TAQN;
				ENABLE_HARDENED_RUNTIME = YES;
				GCC_PRECOMPILE_PREFIX_HEADER = YES;
				PRODUCT_NAME = "$(TARGET_NAME)";
			};
			name = Release;
		};
/* End XCBuildConfiguration section */

/* Begin XCConfigurationList section */
		F62778162C10CD4200A07056 /* Build configuration list for PBXProject "OC-basic" */ = {
			isa = XCConfigurationList;
			buildConfigurations = (
				F62778202C10CD4200A07056 /* Debug */,
				F62778212C10CD4200A07056 /* Release */,
			);
			defaultConfigurationIsVisible = 0;
			defaultConfigurationName = Release;
		};
		F62778222C10CD4200A07056 /* Build configuration list for PBXNativeTarget "OC-basic" */ = {
			isa = XCConfigurationList;
			buildConfigurations = (
				F62778232C10CD4200A07056 /* Debug */,
				F62778242C10CD4200A07056 /* Release */,
			);
			defaultConfigurationIsVisible = 0;
			defaultConfigurationName = Release;
		};
/* End XCConfigurationList section */
	};
	rootObject = F62778132C10CD4200A07056 /* Project object */;
}
